
Microsoft Visual Studio Solution File, Format Version 12.00
# Visual Studio Version 16
VisualStudioVersion = 16.0.31402.337
MinimumVisualStudioVersion = 10.0.40219.1
Project("{FAE04EC0-301F-11D3-BF4B-00C04F79EFBC}") = "flangery-net", "flangery-net\flangery-net.csproj", "{83DFA8C8-53D8-4F0F-A00A-D0CD24E1CE3E}"
EndProject
Global
	GlobalSection(SolutionConfigurationPlatforms) = preSolution
		Debug|Any CPU = Debug|Any CPU
		Release|Any CPU = Release|Any CPU
	EndGlobalSection
	GlobalSection(ProjectConfigurationPlatforms) = postSolution
		{83DFA8C8-53D8-4F0F-A00A-D0CD24E1CE3E}.Debug|Any CPU.ActiveCfg = Debug|Any CPU
		{83DFA8C8-53D8-4F0F-A00A-D0CD24E1CE3E}.Debug|Any CPU.Build.0 = Debug|Any CPU
		{83DFA8C8-53D8-4F0F-A00A-D0CD24E1CE3E}.Release|Any CPU.ActiveCfg = Release|Any CPU
		{83DFA8C8-53D8-4F0F-A00A-D0CD24E1CE3E}.Release|Any CPU.Build.0 = Release|Any CPU
	EndGlobalSection
	GlobalSection(SolutionProperties) = preSolution
		HideSolutionNode = FALSE
	EndGlobalSection
	GlobalSection(ExtensibilityGlobals) = postSolution
		SolutionGuid = {1B81C756-1404-41DF-9C58-FFFACF90EDE4}
	EndGlobalSection
EndGlobal
